// !$*UTF8*$!
{
	archiveVersion = 1;
	classes = {
	};
	objectVersion = 50;
	objects = {

/* Begin PBXFileReference section */
		604B51A323D2116600974049 /* __main__.py */ = {isa = PBXFileReference; fileEncoding = 4; lastKnownFileType = text.script.python; path = __main__.py; sourceTree = "<group>"; };
		604B51A723D2116600974049 /* keys */ = {isa = PBXFileReference; fileEncoding = 4; lastKnownFileType = text; path = keys; sourceTree = "<group>"; };
		604B51AB23D2116600974049 /* requirements.txt */ = {isa = PBXFileReference; fileEncoding = 4; lastKnownFileType = text; path = requirements.txt; sourceTree = "<group>"; };
		604B51AC23D2116600974049 /* transferer.py */ = {isa = PBXFileReference; fileEncoding = 4; lastKnownFileType = text.script.python; path = transferer.py; sourceTree = "<group>"; };
		604B51AD23D2116600974049 /* README.md */ = {isa = PBXFileReference; fileEncoding = 4; lastKnownFileType = net.daringfireball.markdown; path = README.md; sourceTree = "<group>"; };
		604B51AE23D2116600974049 /* LICENSE */ = {isa = PBXFileReference; fileEncoding = 4; lastKnownFileType = text; path = LICENSE; sourceTree = "<group>"; };
		604B51B023D2116600974049 /* __init__.py */ = {isa = PBXFileReference; fileEncoding = 4; lastKnownFileType = text.script.python; path = __init__.py; sourceTree = "<group>"; };
		604B51B223D2116600974049 /* metrics.py */ = {isa = PBXFileReference; fileEncoding = 4; lastKnownFileType = text.script.python; path = metrics.py; sourceTree = "<group>"; };
		604B51B423D2116600974049 /* constants.py */ = {isa = PBXFileReference; fileEncoding = 4; lastKnownFileType = text.script.python; path = constants.py; sourceTree = "<group>"; };
		604B51B823D2116600974049 /* week.py */ = {isa = PBXFileReference; fileEncoding = 4; lastKnownFileType = text.script.python; path = week.py; sourceTree = "<group>"; };
		604B51B923D2116600974049 /* constants.py */ = {isa = PBXFileReference; fileEncoding = 4; lastKnownFileType = text.script.python; path = constants.py; sourceTree = "<group>"; };
		604B51BA23D2116600974049 /* keyboards.py */ = {isa = PBXFileReference; fileEncoding = 4; lastKnownFileType = text.script.python; path = keyboards.py; sourceTree = "<group>"; };
		604B51C323D2116600974049 /* subject.py */ = {isa = PBXFileReference; fileEncoding = 4; lastKnownFileType = text.script.python; path = subject.py; sourceTree = "<group>"; };
		604B51C423D2116600974049 /* constants.py */ = {isa = PBXFileReference; fileEncoding = 4; lastKnownFileType = text.script.python; path = constants.py; sourceTree = "<group>"; };
		604B51C523D2116600974049 /* types.py */ = {isa = PBXFileReference; fileEncoding = 4; lastKnownFileType = text.script.python; path = types.py; sourceTree = "<group>"; };
		604B51CD23D2116700974049 /* lecturers.py */ = {isa = PBXFileReference; fileEncoding = 4; lastKnownFileType = text.script.python; path = lecturers.py; sourceTree = "<group>"; };
		604B51CE23D2116700974049 /* student.py */ = {isa = PBXFileReference; fileEncoding = 4; lastKnownFileType = text.script.python; path = student.py; sourceTree = "<group>"; };
		604B51CF23D2116700974049 /* helpers.py */ = {isa = PBXFileReference; fileEncoding = 4; lastKnownFileType = text.script.python; path = helpers.py; sourceTree = "<group>"; };
		604B51D023D2116700974049 /* guard.py */ = {isa = PBXFileReference; fileEncoding = 4; lastKnownFileType = text.script.python; path = guard.py; sourceTree = "<group>"; };
		604B51D223D2116700974049 /* constants.py */ = {isa = PBXFileReference; fileEncoding = 4; lastKnownFileType = text.script.python; path = constants.py; sourceTree = "<group>"; };
		604B51D623D2116700974049 /* helpers.py */ = {isa = PBXFileReference; fileEncoding = 4; lastKnownFileType = text.script.python; path = helpers.py; sourceTree = "<group>"; };
		604B51D723D2116700974049 /* helpers.py */ = {isa = PBXFileReference; fileEncoding = 4; lastKnownFileType = text.script.python; path = helpers.py; sourceTree = "<group>"; };
		604B51D823D2116700974049 /* commands.py */ = {isa = PBXFileReference; fileEncoding = 4; lastKnownFileType = text.script.python; path = commands.py; sourceTree = "<group>"; };
		604B51DD23D2116700974049 /* __init__.py */ = {isa = PBXFileReference; fileEncoding = 4; lastKnownFileType = text.script.python; path = __init__.py; sourceTree = "<group>"; };
		604B51E523D2116700974049 /* constants.py */ = {isa = PBXFileReference; fileEncoding = 4; lastKnownFileType = text.script.python; path = constants.py; sourceTree = "<group>"; };
		604B51E623D2116700974049 /* types.py */ = {isa = PBXFileReference; fileEncoding = 4; lastKnownFileType = text.script.python; path = types.py; sourceTree = "<group>"; };
		604B51EE23D2116700974049 /* helpers.py */ = {isa = PBXFileReference; fileEncoding = 4; lastKnownFileType = text.script.python; path = helpers.py; sourceTree = "<group>"; };
		604B51EF23D2116700974049 /* cleanning.py */ = {isa = PBXFileReference; fileEncoding = 4; lastKnownFileType = text.script.python; path = cleanning.py; sourceTree = "<group>"; };
		604B51F023D2116700974049 /* statistics.py */ = {isa = PBXFileReference; fileEncoding = 4; lastKnownFileType = text.script.python; path = statistics.py; sourceTree = "<group>"; };
		604B51F123D2116700974049 /* others.py */ = {isa = PBXFileReference; fileEncoding = 4; lastKnownFileType = text.script.python; path = others.py; sourceTree = "<group>"; };
		604B51F223D2116700974049 /* creator.py */ = {isa = PBXFileReference; fileEncoding = 4; lastKnownFileType = text.script.python; path = creator.py; sourceTree = "<group>"; };
		604B51F423D2116700974049 /* cancel.py */ = {isa = PBXFileReference; fileEncoding = 4; lastKnownFileType = text.script.python; path = cancel.py; sourceTree = "<group>"; };
		604B51F523D2116700974049 /* __init__.py */ = {isa = PBXFileReference; fileEncoding = 4; lastKnownFileType = text.script.python; path = __init__.py; sourceTree = "<group>"; };
		604B51FA23D2116700974049 /* weekly.py */ = {isa = PBXFileReference; fileEncoding = 4; lastKnownFileType = text.script.python; path = weekly.py; sourceTree = "<group>"; };
		604B51FB23D2116700974049 /* __init__.py */ = {isa = PBXFileReference; fileEncoding = 4; lastKnownFileType = text.script.python; path = __init__.py; sourceTree = "<group>"; };
		604B520323D2116700974049 /* keyboards.py */ = {isa = PBXFileReference; fileEncoding = 4; lastKnownFileType = text.script.python; path = keyboards.py; sourceTree = "<group>"; };
		604B520823D2116700974049 /* menu.py */ = {isa = PBXFileReference; fileEncoding = 4; lastKnownFileType = text.script.python; path = menu.py; sourceTree = "<group>"; };
		604B520923D2116700974049 /* guard.py */ = {isa = PBXFileReference; fileEncoding = 4; lastKnownFileType = text.script.python; path = guard.py; sourceTree = "<group>"; };
		604B520A23D2116700974049 /* daily.py */ = {isa = PBXFileReference; fileEncoding = 4; lastKnownFileType = text.script.python; path = daily.py; sourceTree = "<group>"; };
		604B520C23D2116700974049 /* __init__.py */ = {isa = PBXFileReference; fileEncoding = 4; lastKnownFileType = text.script.python; path = __init__.py; sourceTree = "<group>"; };
		604B521323D2116700974049 /* exams.py */ = {isa = PBXFileReference; fileEncoding = 4; lastKnownFileType = text.script.python; path = exams.py; sourceTree = "<group>"; };
		604B521523D2116700974049 /* constants.py */ = {isa = PBXFileReference; fileEncoding = 4; lastKnownFileType = text.script.python; path = constants.py; sourceTree = "<group>"; };
		604B521623D2116700974049 /* keyboards.py */ = {isa = PBXFileReference; fileEncoding = 4; lastKnownFileType = text.script.python; path = keyboards.py; sourceTree = "<group>"; };
		604B521C23D2116700974049 /* menu.py */ = {isa = PBXFileReference; fileEncoding = 4; lastKnownFileType = text.script.python; path = menu.py; sourceTree = "<group>"; };
		604B521D23D2116700974049 /* guard.py */ = {isa = PBXFileReference; fileEncoding = 4; lastKnownFileType = text.script.python; path = guard.py; sourceTree = "<group>"; };
		604B521E23D2116700974049 /* classes.py */ = {isa = PBXFileReference; fileEncoding = 4; lastKnownFileType = text.script.python; path = classes.py; sourceTree = "<group>"; };
		604B522023D2116700974049 /* __init__.py */ = {isa = PBXFileReference; fileEncoding = 4; lastKnownFileType = text.script.python; path = __init__.py; sourceTree = "<group>"; };
		604B522523D2116700974049 /* start.py */ = {isa = PBXFileReference; fileEncoding = 4; lastKnownFileType = text.script.python; path = start.py; sourceTree = "<group>"; };
		604B522723D2116700974049 /* keyboards.py */ = {isa = PBXFileReference; fileEncoding = 4; lastKnownFileType = text.script.python; path = keyboards.py; sourceTree = "<group>"; };
		604B522B23D2116700974049 /* guard.py */ = {isa = PBXFileReference; fileEncoding = 4; lastKnownFileType = text.script.python; path = guard.py; sourceTree = "<group>"; };
		604B522C23D2116700974049 /* __init__.py */ = {isa = PBXFileReference; fileEncoding = 4; lastKnownFileType = text.script.python; path = __init__.py; sourceTree = "<group>"; };
		604B522E23D2116700974049 /* me.py */ = {isa = PBXFileReference; fileEncoding = 4; lastKnownFileType = text.script.python; path = me.py; sourceTree = "<group>"; };
		604B522F23D2116700974049 /* __init__.py */ = {isa = PBXFileReference; fileEncoding = 4; lastKnownFileType = text.script.python; path = __init__.py; sourceTree = "<group>"; };
		604B523823D2116700974049 /* card.py */ = {isa = PBXFileReference; fileEncoding = 4; lastKnownFileType = text.script.python; path = card.py; sourceTree = "<group>"; };
		604B523A23D2116700974049 /* constants.py */ = {isa = PBXFileReference; fileEncoding = 4; lastKnownFileType = text.script.python; path = constants.py; sourceTree = "<group>"; };
		604B523E23D2116700974049 /* brs.py */ = {isa = PBXFileReference; fileEncoding = 4; lastKnownFileType = text.script.python; path = brs.py; sourceTree = "<group>"; };
		604B523F23D2116700974049 /* week.py */ = {isa = PBXFileReference; fileEncoding = 4; lastKnownFileType = text.script.python; path = week.py; sourceTree = "<group>"; };
		604B524023D2116700974049 /* donate.py */ = {isa = PBXFileReference; fileEncoding = 4; lastKnownFileType = text.script.python; path = donate.py; sourceTree = "<group>"; };
		604B524123D2116700974049 /* help.py */ = {isa = PBXFileReference; fileEncoding = 4; lastKnownFileType = text.script.python; path = help.py; sourceTree = "<group>"; };
		604B524523D2116700974049 /* oldedit.py */ = {isa = PBXFileReference; fileEncoding = 4; lastKnownFileType = text.script.python; path = oldedit.py; sourceTree = "<group>"; };
		604B524623D2116700974049 /* __init__.py */ = {isa = PBXFileReference; fileEncoding = 4; lastKnownFileType = text.script.python; path = __init__.py; sourceTree = "<group>"; };
		604B524F23D2116700974049 /* keyboards.py */ = {isa = PBXFileReference; fileEncoding = 4; lastKnownFileType = text.script.python; path = keyboards.py; sourceTree = "<group>"; };
		604B525623D2116700974049 /* menu.py */ = {isa = PBXFileReference; fileEncoding = 4; lastKnownFileType = text.script.python; path = menu.py; sourceTree = "<group>"; };
		604B525723D2116700974049 /* guard.py */ = {isa = PBXFileReference; fileEncoding = 4; lastKnownFileType = text.script.python; path = guard.py; sourceTree = "<group>"; };
		604B525823D2116700974049 /* newedit.py */ = {isa = PBXFileReference; fileEncoding = 4; lastKnownFileType = text.script.python; path = newedit.py; sourceTree = "<group>"; };
		604B525A23D2116700974049 /* __init__.py */ = {isa = PBXFileReference; fileEncoding = 4; lastKnownFileType = text.script.python; path = __init__.py; sourceTree = "<group>"; };
		604B526023D2116700974049 /* keyboards.py */ = {isa = PBXFileReference; fileEncoding = 4; lastKnownFileType = text.script.python; path = keyboards.py; sourceTree = "<group>"; };
		604B526423D2116700974049 /* guard.py */ = {isa = PBXFileReference; fileEncoding = 4; lastKnownFileType = text.script.python; path = guard.py; sourceTree = "<group>"; };
		604B526523D2116700974049 /* score.py */ = {isa = PBXFileReference; fileEncoding = 4; lastKnownFileType = text.script.python; path = score.py; sourceTree = "<group>"; };
		604B526723D2116700974049 /* __init__.py */ = {isa = PBXFileReference; fileEncoding = 4; lastKnownFileType = text.script.python; path = __init__.py; sourceTree = "<group>"; };
		604B526E23D2116700974049 /* newnote.py */ = {isa = PBXFileReference; fileEncoding = 4; lastKnownFileType = text.script.python; path = newnote.py; sourceTree = "<group>"; };
		604B527023D2116700974049 /* constants.py */ = {isa = PBXFileReference; fileEncoding = 4; lastKnownFileType = text.script.python; path = constants.py; sourceTree = "<group>"; };
		604B527123D2116700974049 /* keyboards.py */ = {isa = PBXFileReference; fileEncoding = 4; lastKnownFileType = text.script.python; path = keyboards.py; sourceTree = "<group>"; };
		604B527A23D2116700974049 /* helpers.py */ = {isa = PBXFileReference; fileEncoding = 4; lastKnownFileType = text.script.python; path = helpers.py; sourceTree = "<group>"; };
		604B527B23D2116700974049 /* menu.py */ = {isa = PBXFileReference; fileEncoding = 4; lastKnownFileType = text.script.python; path = menu.py; sourceTree = "<group>"; };
		604B527C23D2116700974049 /* oldnote.py */ = {isa = PBXFileReference; fileEncoding = 4; lastKnownFileType = text.script.python; path = oldnote.py; sourceTree = "<group>"; };
		604B527D23D2116700974049 /* guard.py */ = {isa = PBXFileReference; fileEncoding = 4; lastKnownFileType = text.script.python; path = guard.py; sourceTree = "<group>"; };
		604B527F23D2116700974049 /* sportscomplex.py */ = {isa = PBXFileReference; fileEncoding = 4; lastKnownFileType = text.script.python; path = sportscomplex.py; sourceTree = "<group>"; };
		604B528023D2116700974049 /* __init__.py */ = {isa = PBXFileReference; fileEncoding = 4; lastKnownFileType = text.script.python; path = __init__.py; sourceTree = "<group>"; };
		604B528123D2116700974049 /* libraries.py */ = {isa = PBXFileReference; fileEncoding = 4; lastKnownFileType = text.script.python; path = libraries.py; sourceTree = "<group>"; };
		604B528B23D2116700974049 /* constants.py */ = {isa = PBXFileReference; fileEncoding = 4; lastKnownFileType = text.script.python; path = constants.py; sourceTree = "<group>"; };
		604B528C23D2116700974049 /* keyboards.py */ = {isa = PBXFileReference; fileEncoding = 4; lastKnownFileType = text.script.python; path = keyboards.py; sourceTree = "<group>"; };
		604B528D23D2116700974049 /* types.py */ = {isa = PBXFileReference; fileEncoding = 4; lastKnownFileType = text.script.python; path = types.py; sourceTree = "<group>"; };
		604B529623D2116700974049 /* menu.py */ = {isa = PBXFileReference; fileEncoding = 4; lastKnownFileType = text.script.python; path = menu.py; sourceTree = "<group>"; };
		604B529723D2116700974049 /* guard.py */ = {isa = PBXFileReference; fileEncoding = 4; lastKnownFileType = text.script.python; path = guard.py; sourceTree = "<group>"; };
		604B529823D2116700974049 /* dorms.py */ = {isa = PBXFileReference; fileEncoding = 4; lastKnownFileType = text.script.python; path = dorms.py; sourceTree = "<group>"; };
		604B529923D2116700974049 /* buildings.py */ = {isa = PBXFileReference; fileEncoding = 4; lastKnownFileType = text.script.python; path = buildings.py; sourceTree = "<group>"; };
		604B529B23D2116700974049 /* __init__.py */ = {isa = PBXFileReference; fileEncoding = 4; lastKnownFileType = text.script.python; path = __init__.py; sourceTree = "<group>"; };
		604B529F23D2116700974049 /* exams.py */ = {isa = PBXFileReference; fileEncoding = 4; lastKnownFileType = text.script.python; path = exams.py; sourceTree = "<group>"; };
		604B52A123D2116700974049 /* __init__.py */ = {isa = PBXFileReference; fileEncoding = 4; lastKnownFileType = text.script.python; path = __init__.py; sourceTree = "<group>"; };
		604B52A623D2116700974049 /* constants.py */ = {isa = PBXFileReference; fileEncoding = 4; lastKnownFileType = text.script.python; path = constants.py; sourceTree = "<group>"; };
		604B52AA23D2116700974049 /* unknown.py */ = {isa = PBXFileReference; fileEncoding = 4; lastKnownFileType = text.script.python; path = unknown.py; sourceTree = "<group>"; };
		604B52AC23D2116700974049 /* unlogin.py */ = {isa = PBXFileReference; fileEncoding = 4; lastKnownFileType = text.script.python; path = unlogin.py; sourceTree = "<group>"; };
		604B52AD23D2116700974049 /* extended.py */ = {isa = PBXFileReference; fileEncoding = 4; lastKnownFileType = text.script.python; path = extended.py; sourceTree = "<group>"; };
		604B52AE23D2116700974049 /* compact.py */ = {isa = PBXFileReference; fileEncoding = 4; lastKnownFileType = text.script.python; path = compact.py; sourceTree = "<group>"; };
		604B52AF23D2116700974049 /* __init__.py */ = {isa = PBXFileReference; fileEncoding = 4; lastKnownFileType = text.script.python; path = __init__.py; sourceTree = "<group>"; };
		604B52B823D2116700974049 /* constants.py */ = {isa = PBXFileReference; fileEncoding = 4; lastKnownFileType = text.script.python; path = constants.py; sourceTree = "<group>"; };
		604B52B923D2116700974049 /* keyboards.py */ = {isa = PBXFileReference; fileEncoding = 4; lastKnownFileType = text.script.python; path = keyboards.py; sourceTree = "<group>"; };
		604B52BF23D2116700974049 /* menu.py */ = {isa = PBXFileReference; fileEncoding = 4; lastKnownFileType = text.script.python; path = menu.py; sourceTree = "<group>"; };
		604B52C023D2116700974049 /* guard.py */ = {isa = PBXFileReference; fileEncoding = 4; lastKnownFileType = text.script.python; path = guard.py; sourceTree = "<group>"; };
		604B52C223D2116700974049 /* update2.txt */ = {isa = PBXFileReference; fileEncoding = 4; lastKnownFileType = text; path = update2.txt; sourceTree = "<group>"; };
		604B52C323D2116700974049 /* update3.txt */ = {isa = PBXFileReference; fileEncoding = 4; lastKnownFileType = text; path = update3.txt; sourceTree = "<group>"; };
		604B52C423D2116700974049 /* update1.txt */ = {isa = PBXFileReference; fileEncoding = 4; lastKnownFileType = text; path = update1.txt; sourceTree = "<group>"; };
		604B52C523D2116700974049 /* update4.txt */ = {isa = PBXFileReference; fileEncoding = 4; lastKnownFileType = text; path = update4.txt; sourceTree = "<group>"; };
		604B52C623D2116700974049 /* update5.txt */ = {isa = PBXFileReference; fileEncoding = 4; lastKnownFileType = text; path = update5.txt; sourceTree = "<group>"; };
/* End PBXFileReference section */

/* Begin PBXGroup section */
		604B4F5923D20A1D00974049 = {
			isa = PBXGroup;
			children = (
				604B51AD23D2116600974049 /* README.md */,
				604B51AE23D2116600974049 /* LICENSE */,
				604B51AB23D2116600974049 /* requirements.txt */,
				604B51AC23D2116600974049 /* transferer.py */,
				604B51A323D2116600974049 /* __main__.py */,
				604B52C123D2116700974049 /* update-logs */,
				604B51A423D2116600974049 /* data */,
				604B51AF23D2116600974049 /* bot */,
			);
			sourceTree = "<group>";
		};
		604B51A423D2116600974049 /* data */ = {
			isa = PBXGroup;
			children = (
				604B51A723D2116600974049 /* keys */,
			);
			path = data;
			sourceTree = "<group>";
		};
		604B51AF23D2116600974049 /* bot */ = {
			isa = PBXGroup;
			children = (
				604B51B023D2116600974049 /* __init__.py */,
				604B51DB23D2116700974049 /* commands */,
				604B51B123D2116600974049 /* shared */,
			);
			path = bot;
			sourceTree = "<group>";
		};
		604B51B123D2116600974049 /* shared */ = {
			isa = PBXGroup;
			children = (
				604B51BA23D2116600974049 /* keyboards.py */,
				604B51D723D2116700974049 /* helpers.py */,
				604B51B923D2116600974049 /* constants.py */,
				604B51C223D2116600974049 /* api */,
				604B51B323D2116600974049 /* calendar */,
				604B51D123D2116700974049 /* data */,
				604B51B223D2116600974049 /* metrics.py */,
				604B51D823D2116700974049 /* commands.py */,
				604B51D023D2116700974049 /* guard.py */,
			);
			path = shared;
			sourceTree = "<group>";
		};
		604B51B323D2116600974049 /* calendar */ = {
			isa = PBXGroup;
			children = (
				604B51B423D2116600974049 /* constants.py */,
				604B51B823D2116600974049 /* week.py */,
			);
			path = calendar;
			sourceTree = "<group>";
		};
		604B51C223D2116600974049 /* api */ = {
			isa = PBXGroup;
			children = (
				604B51CF23D2116700974049 /* helpers.py */,
				604B51C423D2116600974049 /* constants.py */,
				604B51C523D2116600974049 /* types.py */,
				604B51CE23D2116700974049 /* student.py */,
				604B51CD23D2116700974049 /* lecturers.py */,
				604B51C323D2116600974049 /* subject.py */,
			);
			path = api;
			sourceTree = "<group>";
		};
		604B51D123D2116700974049 /* data */ = {
			isa = PBXGroup;
			children = (
				604B51D623D2116700974049 /* helpers.py */,
				604B51D223D2116700974049 /* constants.py */,
			);
			path = data;
			sourceTree = "<group>";
		};
		604B51DB23D2116700974049 /* commands */ = {
			isa = PBXGroup;
			children = (
				604B522C23D2116700974049 /* __init__.py */,
				604B51DC23D2116700974049 /* creator */,
				604B51F323D2116700974049 /* cancel */,
				604B521F23D2116700974049 /* start */,
				604B52AB23D2116700974049 /* login */,
				604B51F923D2116700974049 /* classes */,
				604B529A23D2116700974049 /* exams */,
				604B520B23D2116700974049 /* lecturers */,
				604B525923D2116700974049 /* score */,
				604B526623D2116700974049 /* notes */,
				604B524423D2116700974049 /* edit */,
				604B527E23D2116700974049 /* locations */,
				604B522D23D2116700974049 /* others */,
				604B52A023D2116700974049 /* unknown */,
			);
			path = commands;
			sourceTree = "<group>";
		};
		604B51DC23D2116700974049 /* creator */ = {
			isa = PBXGroup;
			children = (
				604B51DD23D2116700974049 /* __init__.py */,
				604B51F223D2116700974049 /* creator.py */,
				604B51F023D2116700974049 /* statistics.py */,
				604B51EF23D2116700974049 /* cleanning.py */,
				604B51F123D2116700974049 /* others.py */,
				604B51E423D2116700974049 /* utilities */,
			);
			path = creator;
			sourceTree = "<group>";
		};
		604B51E423D2116700974049 /* utilities */ = {
			isa = PBXGroup;
			children = (
				604B51EE23D2116700974049 /* helpers.py */,
				604B51E523D2116700974049 /* constants.py */,
				604B51E623D2116700974049 /* types.py */,
			);
			path = utilities;
			sourceTree = "<group>";
		};
		604B51F323D2116700974049 /* cancel */ = {
			isa = PBXGroup;
			children = (
				604B51F523D2116700974049 /* __init__.py */,
				604B51F423D2116700974049 /* cancel.py */,
			);
			path = cancel;
			sourceTree = "<group>";
		};
		604B51F923D2116700974049 /* classes */ = {
			isa = PBXGroup;
			children = (
				604B51FB23D2116700974049 /* __init__.py */,
				604B520823D2116700974049 /* menu.py */,
				604B520A23D2116700974049 /* daily.py */,
				604B51FA23D2116700974049 /* weekly.py */,
				604B520923D2116700974049 /* guard.py */,
				604B520223D2116700974049 /* utilities */,
			);
			path = classes;
			sourceTree = "<group>";
		};
		604B520223D2116700974049 /* utilities */ = {
			isa = PBXGroup;
			children = (
				604B520323D2116700974049 /* keyboards.py */,
			);
			path = utilities;
			sourceTree = "<group>";
		};
		604B520B23D2116700974049 /* lecturers */ = {
			isa = PBXGroup;
			children = (
				604B520C23D2116700974049 /* __init__.py */,
				604B521C23D2116700974049 /* menu.py */,
				604B521E23D2116700974049 /* classes.py */,
				604B521323D2116700974049 /* exams.py */,
				604B521D23D2116700974049 /* guard.py */,
				604B521423D2116700974049 /* utilities */,
			);
			path = lecturers;
			sourceTree = "<group>";
		};
		604B521423D2116700974049 /* utilities */ = {
			isa = PBXGroup;
			children = (
				604B521623D2116700974049 /* keyboards.py */,
				604B521523D2116700974049 /* constants.py */,
			);
			path = utilities;
			sourceTree = "<group>";
		};
		604B521F23D2116700974049 /* start */ = {
			isa = PBXGroup;
			children = (
				604B522023D2116700974049 /* __init__.py */,
				604B522523D2116700974049 /* start.py */,
				604B522B23D2116700974049 /* guard.py */,
				604B522623D2116700974049 /* utilities */,
			);
			path = start;
			sourceTree = "<group>";
		};
		604B522623D2116700974049 /* utilities */ = {
			isa = PBXGroup;
			children = (
				604B522723D2116700974049 /* keyboards.py */,
			);
			path = utilities;
			sourceTree = "<group>";
		};
		604B522D23D2116700974049 /* others */ = {
			isa = PBXGroup;
			children = (
				604B522F23D2116700974049 /* __init__.py */,
				604B523F23D2116700974049 /* week.py */,
				604B523823D2116700974049 /* card.py */,
				604B523E23D2116700974049 /* brs.py */,
				604B524123D2116700974049 /* help.py */,
				604B524023D2116700974049 /* donate.py */,
				604B522E23D2116700974049 /* me.py */,
				604B523923D2116700974049 /* utilities */,
			);
			path = others;
			sourceTree = "<group>";
		};
		604B523923D2116700974049 /* utilities */ = {
			isa = PBXGroup;
			children = (
				604B523A23D2116700974049 /* constants.py */,
			);
			path = utilities;
			sourceTree = "<group>";
		};
		604B524423D2116700974049 /* edit */ = {
			isa = PBXGroup;
			children = (
				604B524623D2116700974049 /* __init__.py */,
				604B525623D2116700974049 /* menu.py */,
				604B525823D2116700974049 /* newedit.py */,
				604B524523D2116700974049 /* oldedit.py */,
				604B525723D2116700974049 /* guard.py */,
				604B524D23D2116700974049 /* utilities */,
			);
			path = edit;
			sourceTree = "<group>";
		};
		604B524D23D2116700974049 /* utilities */ = {
			isa = PBXGroup;
			children = (
				604B524F23D2116700974049 /* keyboards.py */,
			);
			path = utilities;
			sourceTree = "<group>";
		};
		604B525923D2116700974049 /* score */ = {
			isa = PBXGroup;
			children = (
				604B525A23D2116700974049 /* __init__.py */,
				604B526523D2116700974049 /* score.py */,
				604B526423D2116700974049 /* guard.py */,
				604B525F23D2116700974049 /* utilities */,
			);
			path = score;
			sourceTree = "<group>";
		};
		604B525F23D2116700974049 /* utilities */ = {
			isa = PBXGroup;
			children = (
				604B526023D2116700974049 /* keyboards.py */,
			);
			path = utilities;
			sourceTree = "<group>";
		};
		604B526623D2116700974049 /* notes */ = {
			isa = PBXGroup;
			children = (
				604B526723D2116700974049 /* __init__.py */,
				604B527B23D2116700974049 /* menu.py */,
				604B526E23D2116700974049 /* newnote.py */,
				604B527C23D2116700974049 /* oldnote.py */,
				604B527D23D2116700974049 /* guard.py */,
				604B526F23D2116700974049 /* utilities */,
			);
			path = notes;
			sourceTree = "<group>";
		};
		604B526F23D2116700974049 /* utilities */ = {
			isa = PBXGroup;
			children = (
				604B527123D2116700974049 /* keyboards.py */,
				604B527A23D2116700974049 /* helpers.py */,
				604B527023D2116700974049 /* constants.py */,
			);
			path = utilities;
			sourceTree = "<group>";
		};
		604B527E23D2116700974049 /* locations */ = {
			isa = PBXGroup;
			children = (
				604B528023D2116700974049 /* __init__.py */,
				604B529623D2116700974049 /* menu.py */,
				604B529923D2116700974049 /* buildings.py */,
				604B528123D2116700974049 /* libraries.py */,
				604B527F23D2116700974049 /* sportscomplex.py */,
				604B529823D2116700974049 /* dorms.py */,
				604B529723D2116700974049 /* guard.py */,
				604B528A23D2116700974049 /* utilities */,
			);
			path = locations;
			sourceTree = "<group>";
		};
		604B528A23D2116700974049 /* utilities */ = {
			isa = PBXGroup;
			children = (
				604B528C23D2116700974049 /* keyboards.py */,
				604B528B23D2116700974049 /* constants.py */,
				604B528D23D2116700974049 /* types.py */,
			);
			path = utilities;
			sourceTree = "<group>";
		};
		604B529A23D2116700974049 /* exams */ = {
			isa = PBXGroup;
			children = (
				604B529B23D2116700974049 /* __init__.py */,
				604B529F23D2116700974049 /* exams.py */,
			);
			path = exams;
			sourceTree = "<group>";
		};
		604B52A023D2116700974049 /* unknown */ = {
			isa = PBXGroup;
			children = (
				604B52A123D2116700974049 /* __init__.py */,
				604B52AA23D2116700974049 /* unknown.py */,
				604B52A523D2116700974049 /* utilities */,
			);
			path = unknown;
			sourceTree = "<group>";
		};
		604B52A523D2116700974049 /* utilities */ = {
			isa = PBXGroup;
			children = (
				604B52A623D2116700974049 /* constants.py */,
			);
			path = utilities;
			sourceTree = "<group>";
		};
		604B52AB23D2116700974049 /* login */ = {
			isa = PBXGroup;
			children = (
				604B52AF23D2116700974049 /* __init__.py */,
				604B52BF23D2116700974049 /* menu.py */,
				604B52AD23D2116700974049 /* extended.py */,
				604B52AE23D2116700974049 /* compact.py */,
				604B52C023D2116700974049 /* guard.py */,
				604B52AC23D2116700974049 /* unlogin.py */,
				604B52B723D2116700974049 /* utilities */,
			);
			path = login;
			sourceTree = "<group>";
		};
		604B52B723D2116700974049 /* utilities */ = {
			isa = PBXGroup;
			children = (
				604B52B923D2116700974049 /* keyboards.py */,
				604B52B823D2116700974049 /* constants.py */,
			);
			path = utilities;
			sourceTree = "<group>";
		};
		604B52C123D2116700974049 /* update-logs */ = {
			isa = PBXGroup;
			children = (
				604B52C423D2116700974049 /* update1.txt */,
				604B52C223D2116700974049 /* update2.txt */,
				604B52C323D2116700974049 /* update3.txt */,
				604B52C523D2116700974049 /* update4.txt */,
				604B52C623D2116700974049 /* update5.txt */,
			);
			path = "update-logs";
			sourceTree = "<group>";
		};
/* End PBXGroup section */

/* Begin PBXLegacyTarget section */
		604B4F5E23D20A1D00974049 /* kaist-bot */ = {
			isa = PBXLegacyTarget;
			buildArgumentsString = "$(ACTION)";
			buildConfigurationList = 604B4F6123D20A1D00974049 /* Build configuration list for PBXLegacyTarget "kaist-bot" */;
			buildPhases = (
			);
			buildToolPath = /Library/Frameworks/Python.framework/Versions/3.8/bin/python3;
			dependencies = (
			);
			name = "kaist-bot";
			passBuildSettingsInEnvironment = 1;
			productName = "kaist-bot";
		};
/* End PBXLegacyTarget section */

/* Begin PBXProject section */
		604B4F5A23D20A1D00974049 /* Project object */ = {
			isa = PBXProject;
			attributes = {
				LastUpgradeCheck = 1130;
				ORGANIZATIONNAME = "Airat K";
				TargetAttributes = {
					604B4F5E23D20A1D00974049 = {
						CreatedOnToolsVersion = 11.3.1;
					};
				};
			};
			buildConfigurationList = 604B4F5D23D20A1D00974049 /* Build configuration list for PBXProject "kaist" */;
			compatibilityVersion = "Xcode 9.3";
			developmentRegion = en;
			hasScannedForEncodings = 0;
			knownRegions = (
				en,
				Base,
			);
			mainGroup = 604B4F5923D20A1D00974049;
			projectDirPath = "";
			projectRoot = "";
			targets = (
				604B4F5E23D20A1D00974049 /* kaist-bot */,
			);
		};
/* End PBXProject section */

/* Begin XCBuildConfiguration section */
		604B4F5F23D20A1D00974049 /* Debug */ = {
			isa = XCBuildConfiguration;
			buildSettings = {
				ALWAYS_SEARCH_USER_PATHS = NO;
				CLANG_ANALYZER_NONNULL = YES;
				CLANG_ANALYZER_NUMBER_OBJECT_CONVERSION = YES_AGGRESSIVE;
				CLANG_CXX_LANGUAGE_STANDARD = "gnu++14";
				CLANG_CXX_LIBRARY = "libc++";
				CLANG_ENABLE_MODULES = YES;
				CLANG_ENABLE_OBJC_ARC = YES;
				CLANG_ENABLE_OBJC_WEAK = YES;
				CLANG_WARN_BLOCK_CAPTURE_AUTORELEASING = YES;
				CLANG_WARN_BOOL_CONVERSION = YES;
				CLANG_WARN_COMMA = YES;
				CLANG_WARN_CONSTANT_CONVERSION = YES;
				CLANG_WARN_DEPRECATED_OBJC_IMPLEMENTATIONS = YES;
				CLANG_WARN_DIRECT_OBJC_ISA_USAGE = YES_ERROR;
				CLANG_WARN_DOCUMENTATION_COMMENTS = YES;
				CLANG_WARN_EMPTY_BODY = YES;
				CLANG_WARN_ENUM_CONVERSION = YES;
				CLANG_WARN_INFINITE_RECURSION = YES;
				CLANG_WARN_INT_CONVERSION = YES;
				CLANG_WARN_NON_LITERAL_NULL_CONVERSION = YES;
				CLANG_WARN_OBJC_IMPLICIT_RETAIN_SELF = YES;
				CLANG_WARN_OBJC_LITERAL_CONVERSION = YES;
				CLANG_WARN_OBJC_ROOT_CLASS = YES_ERROR;
				CLANG_WARN_RANGE_LOOP_ANALYSIS = YES;
				CLANG_WARN_STRICT_PROTOTYPES = YES;
				CLANG_WARN_SUSPICIOUS_MOVE = YES;
				CLANG_WARN_UNGUARDED_AVAILABILITY = YES_AGGRESSIVE;
				CLANG_WARN_UNREACHABLE_CODE = YES;
				CLANG_WARN__DUPLICATE_METHOD_MATCH = YES;
				COPY_PHASE_STRIP = NO;
				DEBUG_INFORMATION_FORMAT = dwarf;
				ENABLE_STRICT_OBJC_MSGSEND = YES;
				ENABLE_TESTABILITY = YES;
				GCC_C_LANGUAGE_STANDARD = gnu11;
				GCC_DYNAMIC_NO_PIC = NO;
				GCC_NO_COMMON_BLOCKS = YES;
				GCC_OPTIMIZATION_LEVEL = 0;
				GCC_PREPROCESSOR_DEFINITIONS = (
					"DEBUG=1",
					"$(inherited)",
				);
				GCC_WARN_64_TO_32_BIT_CONVERSION = YES;
				GCC_WARN_ABOUT_RETURN_TYPE = YES_ERROR;
				GCC_WARN_UNDECLARED_SELECTOR = YES;
				GCC_WARN_UNINITIALIZED_AUTOS = YES_AGGRESSIVE;
				GCC_WARN_UNUSED_FUNCTION = YES;
				GCC_WARN_UNUSED_VARIABLE = YES;
				MTL_ENABLE_DEBUG_INFO = INCLUDE_SOURCE;
				MTL_FAST_MATH = YES;
				ONLY_ACTIVE_ARCH = YES;
			};
			name = Debug;
		};
		604B4F6023D20A1D00974049 /* Release */ = {
			isa = XCBuildConfiguration;
			buildSettings = {
				ALWAYS_SEARCH_USER_PATHS = NO;
				CLANG_ANALYZER_NONNULL = YES;
				CLANG_ANALYZER_NUMBER_OBJECT_CONVERSION = YES_AGGRESSIVE;
				CLANG_CXX_LANGUAGE_STANDARD = "gnu++14";
				CLANG_CXX_LIBRARY = "libc++";
				CLANG_ENABLE_MODULES = YES;
				CLANG_ENABLE_OBJC_ARC = YES;
				CLANG_ENABLE_OBJC_WEAK = YES;
				CLANG_WARN_BLOCK_CAPTURE_AUTORELEASING = YES;
				CLANG_WARN_BOOL_CONVERSION = YES;
				CLANG_WARN_COMMA = YES;
				CLANG_WARN_CONSTANT_CONVERSION = YES;
				CLANG_WARN_DEPRECATED_OBJC_IMPLEMENTATIONS = YES;
				CLANG_WARN_DIRECT_OBJC_ISA_USAGE = YES_ERROR;
				CLANG_WARN_DOCUMENTATION_COMMENTS = YES;
				CLANG_WARN_EMPTY_BODY = YES;
				CLANG_WARN_ENUM_CONVERSION = YES;
				CLANG_WARN_INFINITE_RECURSION = YES;
				CLANG_WARN_INT_CONVERSION = YES;
				CLANG_WARN_NON_LITERAL_NULL_CONVERSION = YES;
				CLANG_WARN_OBJC_IMPLICIT_RETAIN_SELF = YES;
				CLANG_WARN_OBJC_LITERAL_CONVERSION = YES;
				CLANG_WARN_OBJC_ROOT_CLASS = YES_ERROR;
				CLANG_WARN_RANGE_LOOP_ANALYSIS = YES;
				CLANG_WARN_STRICT_PROTOTYPES = YES;
				CLANG_WARN_SUSPICIOUS_MOVE = YES;
				CLANG_WARN_UNGUARDED_AVAILABILITY = YES_AGGRESSIVE;
				CLANG_WARN_UNREACHABLE_CODE = YES;
				CLANG_WARN__DUPLICATE_METHOD_MATCH = YES;
				COPY_PHASE_STRIP = NO;
				DEBUG_INFORMATION_FORMAT = "dwarf-with-dsym";
				ENABLE_NS_ASSERTIONS = NO;
				ENABLE_STRICT_OBJC_MSGSEND = YES;
				GCC_C_LANGUAGE_STANDARD = gnu11;
				GCC_NO_COMMON_BLOCKS = YES;
				GCC_WARN_64_TO_32_BIT_CONVERSION = YES;
				GCC_WARN_ABOUT_RETURN_TYPE = YES_ERROR;
				GCC_WARN_UNDECLARED_SELECTOR = YES;
				GCC_WARN_UNINITIALIZED_AUTOS = YES_AGGRESSIVE;
				GCC_WARN_UNUSED_FUNCTION = YES;
				GCC_WARN_UNUSED_VARIABLE = YES;
				MTL_ENABLE_DEBUG_INFO = NO;
				MTL_FAST_MATH = YES;
			};
			name = Release;
		};
		604B4F6223D20A1D00974049 /* Debug */ = {
			isa = XCBuildConfiguration;
			buildSettings = {
				CODE_SIGN_STYLE = Automatic;
				DEBUGGING_SYMBOLS = YES;
				DEBUG_INFORMATION_FORMAT = dwarf;
				DEVELOPMENT_TEAM = LFA8M8P3Z8;
				GCC_GENERATE_DEBUGGING_SYMBOLS = YES;
				GCC_OPTIMIZATION_LEVEL = 0;
				OTHER_CFLAGS = "";
				OTHER_LDFLAGS = "";
				PRODUCT_NAME = "$(TARGET_NAME)";
			};
			name = Debug;
		};
		604B4F6323D20A1D00974049 /* Release */ = {
			isa = XCBuildConfiguration;
			buildSettings = {
				CODE_SIGN_STYLE = Automatic;
				DEBUG_INFORMATION_FORMAT = "dwarf-with-dsym";
				DEVELOPMENT_TEAM = LFA8M8P3Z8;
				OTHER_CFLAGS = "";
				OTHER_LDFLAGS = "";
				PRODUCT_NAME = "$(TARGET_NAME)";
			};
			name = Release;
		};
/* End XCBuildConfiguration section */

/* Begin XCConfigurationList section */
		604B4F5D23D20A1D00974049 /* Build configuration list for PBXProject "kaist" */ = {
			isa = XCConfigurationList;
			buildConfigurations = (
				604B4F5F23D20A1D00974049 /* Debug */,
				604B4F6023D20A1D00974049 /* Release */,
			);
			defaultConfigurationIsVisible = 0;
			defaultConfigurationName = Release;
		};
		604B4F6123D20A1D00974049 /* Build configuration list for PBXLegacyTarget "kaist-bot" */ = {
			isa = XCConfigurationList;
			buildConfigurations = (
				604B4F6223D20A1D00974049 /* Debug */,
				604B4F6323D20A1D00974049 /* Release */,
			);
			defaultConfigurationIsVisible = 0;
			defaultConfigurationName = Release;
		};
/* End XCConfigurationList section */
	};
	rootObject = 604B4F5A23D20A1D00974049 /* Project object */;
}
